
Microsoft Visual Studio Solution File, Format Version 12.00
# Visual Studio Version 17
VisualStudioVersion = 17.1.32414.318
MinimumVisualStudioVersion = 10.0.40219.1
Project("{9A19103F-16F7-4668-BE54-9A1E7A4F7556}") = "ecovat-service.web", "ecovat-service.web.csproj", "{6DE59763-B1BE-483B-B2AF-D0CB48EA837A}"
EndProject
Project("{9A19103F-16F7-4668-BE54-9A1E7A4F7556}") = "ecovat-service.businessLogic", "..\ecova-service.businessLogic\ecovat-service.businessLogic.csproj", "{99DB6E2F-4C68-4239-BE06-9EC8D9B4988E}"
EndProject
Global
	GlobalSection(SolutionConfigurationPlatforms) = preSolution
		Debug|Any CPU = Debug|Any CPU
		Release|Any CPU = Release|Any CPU
	EndGlobalSection
	GlobalSection(ProjectConfigurationPlatforms) = postSolution
		{6DE59763-B1BE-483B-B2AF-D0CB48EA837A}.Debug|Any CPU.ActiveCfg = Debug|Any CPU
		{6DE59763-B1BE-483B-B2AF-D0CB48EA837A}.Debug|Any CPU.Build.0 = Debug|Any CPU
		{6DE59763-B1BE-483B-B2AF-D0CB48EA837A}.Release|Any CPU.ActiveCfg = Release|Any CPU
		{6DE59763-B1BE-483B-B2AF-D0CB48EA837A}.Release|Any CPU.Build.0 = Release|Any CPU
		{99DB6E2F-4C68-4239-BE06-9EC8D9B4988E}.Debug|Any CPU.ActiveCfg = Debug|Any CPU
		{99DB6E2F-4C68-4239-BE06-9EC8D9B4988E}.Debug|Any CPU.Build.0 = Debug|Any CPU
		{99DB6E2F-4C68-4239-BE06-9EC8D9B4988E}.Release|Any CPU.ActiveCfg = Release|Any CPU
		{99DB6E2F-4C68-4239-BE06-9EC8D9B4988E}.Release|Any CPU.Build.0 = Release|Any CPU
	EndGlobalSection
	GlobalSection(SolutionProperties) = preSolution
		HideSolutionNode = FALSE
	EndGlobalSection
	GlobalSection(ExtensibilityGlobals) = postSolution
		SolutionGuid = {40E7D646-FB55-4D1C-BAE9-D1A71A8AFA56}
	EndGlobalSection
EndGlobal
